// !$*UTF8*$!
{
	archiveVersion = 1;
	classes = {
	};
	objectVersion = 46;
	objects = {

/* Begin PBXBuildFile section */
		947DF4231CAF28CE008312C0 /* Foundation.framework in Frameworks */ = {isa = PBXBuildFile; fileRef = 947DF4221CAF28CE008312C0 /* Foundation.framework */; };
		947DF4251CAF28CE008312C0 /* CoreGraphics.framework in Frameworks */ = {isa = PBXBuildFile; fileRef = 947DF4241CAF28CE008312C0 /* CoreGraphics.framework */; };
		947DF4271CAF28CE008312C0 /* UIKit.framework in Frameworks */ = {isa = PBXBuildFile; fileRef = 947DF4261CAF28CE008312C0 /* UIKit.framework */; };
		947DF42D1CAF28CE008312C0 /* InfoPlist.strings in Resources */ = {isa = PBXBuildFile; fileRef = 947DF42B1CAF28CE008312C0 /* InfoPlist.strings */; };
		947DF42F1CAF28CE008312C0 /* main.m in Sources */ = {isa = PBXBuildFile; fileRef = 947DF42E1CAF28CE008312C0 /* main.m */; };
		947DF4331CAF28CE008312C0 /* BNRAppDelegate.m in Sources */ = {isa = PBXBuildFile; fileRef = 947DF4321CAF28CE008312C0 /* BNRAppDelegate.m */; };
		947DF4351CAF28CE008312C0 /* Images.xcassets in Resources */ = {isa = PBXBuildFile; fileRef = 947DF4341CAF28CE008312C0 /* Images.xcassets */; };
		947DF43C1CAF28CE008312C0 /* XCTest.framework in Frameworks */ = {isa = PBXBuildFile; fileRef = 947DF43B1CAF28CE008312C0 /* XCTest.framework */; };
		947DF43D1CAF28CE008312C0 /* Foundation.framework in Frameworks */ = {isa = PBXBuildFile; fileRef = 947DF4221CAF28CE008312C0 /* Foundation.framework */; };
		947DF43E1CAF28CE008312C0 /* UIKit.framework in Frameworks */ = {isa = PBXBuildFile; fileRef = 947DF4261CAF28CE008312C0 /* UIKit.framework */; };
		947DF4461CAF28CE008312C0 /* InfoPlist.strings in Resources */ = {isa = PBXBuildFile; fileRef = 947DF4441CAF28CE008312C0 /* InfoPlist.strings */; };
		947DF4481CAF28CE008312C0 /* ColorBoardTests.m in Sources */ = {isa = PBXBuildFile; fileRef = 947DF4471CAF28CE008312C0 /* ColorBoardTests.m */; };
		947DF4521CAF2918008312C0 /* ColorBoard.storyboard in Resources */ = {isa = PBXBuildFile; fileRef = 947DF4511CAF2918008312C0 /* ColorBoard.storyboard */; };
		947DF4551CAF737D008312C0 /* BNRColorViewController.m in Sources */ = {isa = PBXBuildFile; fileRef = 947DF4541CAF737D008312C0 /* BNRColorViewController.m */; };
		947DF4581CAF9259008312C0 /* BNRPaletteViewController.m in Sources */ = {isa = PBXBuildFile; fileRef = 947DF4571CAF9259008312C0 /* BNRPaletteViewController.m */; };
		947DF45B1CAFC2E3008312C0 /* BNRColorDiscription.m in Sources */ = {isa = PBXBuildFile; fileRef = 947DF45A1CAFC2E3008312C0 /* BNRColorDiscription.m */; };
/* End PBXBuildFile section */

/* Begin PBXContainerItemProxy section */
		947DF43F1CAF28CE008312C0 /* PBXContainerItemProxy */ = {
			isa = PBXContainerItemProxy;
			containerPortal = 947DF4171CAF28CD008312C0 /* Project object */;
			proxyType = 1;
			remoteGlobalIDString = 947DF41E1CAF28CE008312C0;
			remoteInfo = ColorBoard;
		};
/* End PBXContainerItemProxy section */

/* Begin PBXFileReference section */
		947DF41F1CAF28CE008312C0 /* ColorBoard.app */ = {isa = PBXFileReference; explicitFileType = wrapper.application; includeInIndex = 0; path = ColorBoard.app; sourceTree = BUILT_PRODUCTS_DIR; };
		947DF4221CAF28CE008312C0 /* Foundation.framework */ = {isa = PBXFileReference; lastKnownFileType = wrapper.framework; name = Foundation.framework; path = System/Library/Frameworks/Foundation.framework; sourceTree = SDKROOT; };
		947DF4241CAF28CE008312C0 /* CoreGraphics.framework */ = {isa = PBXFileReference; lastKnownFileType = wrapper.framework; name = CoreGraphics.framework; path = System/Library/Frameworks/CoreGraphics.framework; sourceTree = SDKROOT; };
		947DF4261CAF28CE008312C0 /* UIKit.framework */ = {isa = PBXFileReference; lastKnownFileType = wrapper.framework; name = UIKit.framework; path = System/Library/Frameworks/UIKit.framework; sourceTree = SDKROOT; };
		947DF42A1CAF28CE008312C0 /* ColorBoard-Info.plist */ = {isa = PBXFileReference; lastKnownFileType = text.plist.xml; path = "ColorBoard-Info.plist"; sourceTree = "<group>"; };
		947DF42C1CAF28CE008312C0 /* en */ = {isa = PBXFileReference; lastKnownFileType = text.plist.strings; name = en; path = en.lproj/InfoPlist.strings; sourceTree = "<group>"; };
		947DF42E1CAF28CE008312C0 /* main.m */ = {isa = PBXFileReference; lastKnownFileType = sourcecode.c.objc; path = main.m; sourceTree = "<group>"; };
		947DF4301CAF28CE008312C0 /* ColorBoard-Prefix.pch */ = {isa = PBXFileReference; lastKnownFileType = sourcecode.c.h; path = "ColorBoard-Prefix.pch"; sourceTree = "<group>"; };
		947DF4311CAF28CE008312C0 /* BNRAppDelegate.h */ = {isa = PBXFileReference; lastKnownFileType = sourcecode.c.h; path = BNRAppDelegate.h; sourceTree = "<group>"; };
		947DF4321CAF28CE008312C0 /* BNRAppDelegate.m */ = {isa = PBXFileReference; lastKnownFileType = sourcecode.c.objc; path = BNRAppDelegate.m; sourceTree = "<group>"; };
		947DF4341CAF28CE008312C0 /* Images.xcassets */ = {isa = PBXFileReference; lastKnownFileType = folder.assetcatalog; path = Images.xcassets; sourceTree = "<group>"; };
		947DF43A1CAF28CE008312C0 /* ColorBoardTests.xctest */ = {isa = PBXFileReference; explicitFileType = wrapper.cfbundle; includeInIndex = 0; path = ColorBoardTests.xctest; sourceTree = BUILT_PRODUCTS_DIR; };
		947DF43B1CAF28CE008312C0 /* XCTest.framework */ = {isa = PBXFileReference; lastKnownFileType = wrapper.framework; name = XCTest.framework; path = Library/Frameworks/XCTest.framework; sourceTree = DEVELOPER_DIR; };
		947DF4431CAF28CE008312C0 /* ColorBoardTests-Info.plist */ = {isa = PBXFileReference; lastKnownFileType = text.plist.xml; path = "ColorBoardTests-Info.plist"; sourceTree = "<group>"; };
		947DF4451CAF28CE008312C0 /* en */ = {isa = PBXFileReference; lastKnownFileType = text.plist.strings; name = en; path = en.lproj/InfoPlist.strings; sourceTree = "<group>"; };
		947DF4471CAF28CE008312C0 /* ColorBoardTests.m */ = {isa = PBXFileReference; lastKnownFileType = sourcecode.c.objc; path = ColorBoardTests.m; sourceTree = "<group>"; };
		947DF4511CAF2918008312C0 /* ColorBoard.storyboard */ = {isa = PBXFileReference; fileEncoding = 4; lastKnownFileType = file.storyboard; path = ColorBoard.storyboard; sourceTree = "<group>"; };
		947DF4531CAF737D008312C0 /* BNRColorViewController.h */ = {isa = PBXFileReference; fileEncoding = 4; lastKnownFileType = sourcecode.c.h; path = BNRColorViewController.h; sourceTree = "<group>"; };
		947DF4541CAF737D008312C0 /* BNRColorViewController.m */ = {isa = PBXFileReference; fileEncoding = 4; lastKnownFileType = sourcecode.c.objc; path = BNRColorViewController.m; sourceTree = "<group>"; };
		947DF4561CAF9259008312C0 /* BNRPaletteViewController.h */ = {isa = PBXFileReference; fileEncoding = 4; lastKnownFileType = sourcecode.c.h; path = BNRPaletteViewController.h; sourceTree = "<group>"; };
		947DF4571CAF9259008312C0 /* BNRPaletteViewController.m */ = {isa = PBXFileReference; fileEncoding = 4; lastKnownFileType = sourcecode.c.objc; path = BNRPaletteViewController.m; sourceTree = "<group>"; };
		947DF4591CAFC2E3008312C0 /* BNRColorDiscription.h */ = {isa = PBXFileReference; fileEncoding = 4; lastKnownFileType = sourcecode.c.h; path = BNRColorDiscription.h; sourceTree = "<group>"; };
		947DF45A1CAFC2E3008312C0 /* BNRColorDiscription.m */ = {isa = PBXFileReference; fileEncoding = 4; lastKnownFileType = sourcecode.c.objc; path = BNRColorDiscription.m; sourceTree = "<group>"; };
/* End PBXFileReference section */

/* Begin PBXFrameworksBuildPhase section */
		947DF41C1CAF28CE008312C0 /* Frameworks */ = {
			isa = PBXFrameworksBuildPhase;
			buildActionMask = 2147483647;
			files = (
				947DF4251CAF28CE008312C0 /* CoreGraphics.framework in Frameworks */,
				947DF4271CAF28CE008312C0 /* UIKit.framework in Frameworks */,
				947DF4231CAF28CE008312C0 /* Foundation.framework in Frameworks */,
			);
			runOnlyForDeploymentPostprocessing = 0;
		};
		947DF4371CAF28CE008312C0 /* Frameworks */ = {
			isa = PBXFrameworksBuildPhase;
			buildActionMask = 2147483647;
			files = (
				947DF43C1CAF28CE008312C0 /* XCTest.framework in Frameworks */,
				947DF43E1CAF28CE008312C0 /* UIKit.framework in Frameworks */,
				947DF43D1CAF28CE008312C0 /* Foundation.framework in Frameworks */,
			);
			runOnlyForDeploymentPostprocessing = 0;
		};
/* End PBXFrameworksBuildPhase section */

/* Begin PBXGroup section */
		947DF4161CAF28CD008312C0 = {
			isa = PBXGroup;
			children = (
				947DF4281CAF28CE008312C0 /* ColorBoard */,
				947DF4411CAF28CE008312C0 /* ColorBoardTests */,
				947DF4211CAF28CE008312C0 /* Frameworks */,
				947DF4201CAF28CE008312C0 /* Products */,
			);
			sourceTree = "<group>";
		};
		947DF4201CAF28CE008312C0 /* Products */ = {
			isa = PBXGroup;
			children = (
				947DF41F1CAF28CE008312C0 /* ColorBoard.app */,
				947DF43A1CAF28CE008312C0 /* ColorBoardTests.xctest */,
			);
			name = Products;
			sourceTree = "<group>";
		};
		947DF4211CAF28CE008312C0 /* Frameworks */ = {
			isa = PBXGroup;
			children = (
				947DF4221CAF28CE008312C0 /* Foundation.framework */,
				947DF4241CAF28CE008312C0 /* CoreGraphics.framework */,
				947DF4261CAF28CE008312C0 /* UIKit.framework */,
				947DF43B1CAF28CE008312C0 /* XCTest.framework */,
			);
			name = Frameworks;
			sourceTree = "<group>";
		};
		947DF4281CAF28CE008312C0 /* ColorBoard */ = {
			isa = PBXGroup;
			children = (
				947DF4311CAF28CE008312C0 /* BNRAppDelegate.h */,
				947DF4321CAF28CE008312C0 /* BNRAppDelegate.m */,
				947DF4341CAF28CE008312C0 /* Images.xcassets */,
				947DF4291CAF28CE008312C0 /* Supporting Files */,
				947DF4511CAF2918008312C0 /* ColorBoard.storyboard */,
				947DF4531CAF737D008312C0 /* BNRColorViewController.h */,
				947DF4541CAF737D008312C0 /* BNRColorViewController.m */,
				947DF4561CAF9259008312C0 /* BNRPaletteViewController.h */,
				947DF4571CAF9259008312C0 /* BNRPaletteViewController.m */,
				947DF4591CAFC2E3008312C0 /* BNRColorDiscription.h */,
				947DF45A1CAFC2E3008312C0 /* BNRColorDiscription.m */,
			);
			path = ColorBoard;
			sourceTree = "<group>";
		};
		947DF4291CAF28CE008312C0 /* Supporting Files */ = {
			isa = PBXGroup;
			children = (
				947DF42A1CAF28CE008312C0 /* ColorBoard-Info.plist */,
				947DF42B1CAF28CE008312C0 /* InfoPlist.strings */,
				947DF42E1CAF28CE008312C0 /* main.m */,
				947DF4301CAF28CE008312C0 /* ColorBoard-Prefix.pch */,
			);
			name = "Supporting Files";
			sourceTree = "<group>";
		};
		947DF4411CAF28CE008312C0 /* ColorBoardTests */ = {
			isa = PBXGroup;
			children = (
				947DF4471CAF28CE008312C0 /* ColorBoardTests.m */,
				947DF4421CAF28CE008312C0 /* Supporting Files */,
			);
			path = ColorBoardTests;
			sourceTree = "<group>";
		};
		947DF4421CAF28CE008312C0 /* Supporting Files */ = {
			isa = PBXGroup;
			children = (
				947DF4431CAF28CE008312C0 /* ColorBoardTests-Info.plist */,
				947DF4441CAF28CE008312C0 /* InfoPlist.strings */,
			);
			name = "Supporting Files";
			sourceTree = "<group>";
		};
/* End PBXGroup section */

/* Begin PBXNativeTarget section */
		947DF41E1CAF28CE008312C0 /* ColorBoard */ = {
			isa = PBXNativeTarget;
			buildConfigurationList = 947DF44B1CAF28CE008312C0 /* Build configuration list for PBXNativeTarget "ColorBoard" */;
			buildPhases = (
				947DF41B1CAF28CE008312C0 /* Sources */,
				947DF41C1CAF28CE008312C0 /* Frameworks */,
				947DF41D1CAF28CE008312C0 /* Resources */,
			);
			buildRules = (
			);
			dependencies = (
			);
			name = ColorBoard;
			productName = ColorBoard;
			productReference = 947DF41F1CAF28CE008312C0 /* ColorBoard.app */;
			productType = "com.apple.product-type.application";
		};
		947DF4391CAF28CE008312C0 /* ColorBoardTests */ = {
			isa = PBXNativeTarget;
			buildConfigurationList = 947DF44E1CAF28CE008312C0 /* Build configuration list for PBXNativeTarget "ColorBoardTests" */;
			buildPhases = (
				947DF4361CAF28CE008312C0 /* Sources */,
				947DF4371CAF28CE008312C0 /* Frameworks */,
				947DF4381CAF28CE008312C0 /* Resources */,
			);
			buildRules = (
			);
			dependencies = (
				947DF4401CAF28CE008312C0 /* PBXTargetDependency */,
			);
			name = ColorBoardTests;
			productName = ColorBoardTests;
			productReference = 947DF43A1CAF28CE008312C0 /* ColorBoardTests.xctest */;
			productType = "com.apple.product-type.bundle.unit-test";
		};
/* End PBXNativeTarget section */

/* Begin PBXProject section */
		947DF4171CAF28CD008312C0 /* Project object */ = {
			isa = PBXProject;
			attributes = {
				CLASSPREFIX = BNR;
				LastUpgradeCheck = 0510;
				ORGANIZATIONNAME = Accolite;
				TargetAttributes = {
					947DF4391CAF28CE008312C0 = {
						TestTargetID = 947DF41E1CAF28CE008312C0;
					};
				};
			};
			buildConfigurationList = 947DF41A1CAF28CD008312C0 /* Build configuration list for PBXProject "ColorBoard" */;
			compatibilityVersion = "Xcode 3.2";
			developmentRegion = English;
			hasScannedForEncodings = 0;
			knownRegions = (
				en,
			);
			mainGroup = 947DF4161CAF28CD008312C0;
			productRefGroup = 947DF4201CAF28CE008312C0 /* Products */;
			projectDirPath = "";
			projectRoot = "";
			targets = (
				947DF41E1CAF28CE008312C0 /* ColorBoard */,
				947DF4391CAF28CE008312C0 /* ColorBoardTests */,
			);
		};
/* End PBXProject section */

/* Begin PBXResourcesBuildPhase section */
		947DF41D1CAF28CE008312C0 /* Resources */ = {
			isa = PBXResourcesBuildPhase;
			buildActionMask = 2147483647;
			files = (
				947DF42D1CAF28CE008312C0 /* InfoPlist.strings in Resources */,
				947DF4351CAF28CE008312C0 /* Images.xcassets in Resources */,
				947DF4521CAF2918008312C0 /* ColorBoard.storyboard in Resources */,
			);
			runOnlyForDeploymentPostprocessing = 0;
		};
		947DF4381CAF28CE008312C0 /* Resources */ = {
			isa = PBXResourcesBuildPhase;
			buildActionMask = 2147483647;
			files = (
				947DF4461CAF28CE008312C0 /* InfoPlist.strings in Resources */,
			);
			runOnlyForDeploymentPostprocessing = 0;
		};
/* End PBXResourcesBuildPhase section */

/* Begin PBXSourcesBuildPhase section */
		947DF41B1CAF28CE008312C0 /* Sources */ = {
			isa = PBXSourcesBuildPhase;
			buildActionMask = 2147483647;
			files = (
				947DF45B1CAFC2E3008312C0 /* BNRColorDiscription.m in Sources */,
				947DF42F1CAF28CE008312C0 /* main.m in Sources */,
				947DF4581CAF9259008312C0 /* BNRPaletteViewController.m in Sources */,
				947DF4331CAF28CE008312C0 /* BNRAppDelegate.m in Sources */,
				947DF4551CAF737D008312C0 /* BNRColorViewController.m in Sources */,
			);
			runOnlyForDeploymentPostprocessing = 0;
		};
		947DF4361CAF28CE008312C0 /* Sources */ = {
			isa = PBXSourcesBuildPhase;
			buildActionMask = 2147483647;
			files = (
				947DF4481CAF28CE008312C0 /* ColorBoardTests.m in Sources */,
			);
			runOnlyForDeploymentPostprocessing = 0;
		};
/* End PBXSourcesBuildPhase section */

/* Begin PBXTargetDependency section */
		947DF4401CAF28CE008312C0 /* PBXTargetDependency */ = {
			isa = PBXTargetDependency;
			target = 947DF41E1CAF28CE008312C0 /* ColorBoard */;
			targetProxy = 947DF43F1CAF28CE008312C0 /* PBXContainerItemProxy */;
		};
/* End PBXTargetDependency section */

/* Begin PBXVariantGroup section */
		947DF42B1CAF28CE008312C0 /* InfoPlist.strings */ = {
			isa = PBXVariantGroup;
			children = (
				947DF42C1CAF28CE008312C0 /* en */,
			);
			name = InfoPlist.strings;
			sourceTree = "<group>";
		};
		947DF4441CAF28CE008312C0 /* InfoPlist.strings */ = {
			isa = PBXVariantGroup;
			children = (
				947DF4451CAF28CE008312C0 /* en */,
			);
			name = InfoPlist.strings;
			sourceTree = "<group>";
		};
/* End PBXVariantGroup section */

/* Begin XCBuildConfiguration section */
		947DF4491CAF28CE008312C0 /* Debug */ = {
			isa = XCBuildConfiguration;
			buildSettings = {
				ALWAYS_SEARCH_USER_PATHS = NO;
				CLANG_CXX_LANGUAGE_STANDARD = "gnu++0x";
				CLANG_CXX_LIBRARY = "libc++";
				CLANG_ENABLE_MODULES = YES;
				CLANG_ENABLE_OBJC_ARC = YES;
				CLANG_WARN_BOOL_CONVERSION = YES;
				CLANG_WARN_CONSTANT_CONVERSION = YES;
				CLANG_WARN_DIRECT_OBJC_ISA_USAGE = YES_ERROR;
				CLANG_WARN_EMPTY_BODY = YES;
				CLANG_WARN_ENUM_CONVERSION = YES;
				CLANG_WARN_INT_CONVERSION = YES;
				CLANG_WARN_OBJC_ROOT_CLASS = YES_ERROR;
				CLANG_WARN__DUPLICATE_METHOD_MATCH = YES;
				"CODE_SIGN_IDENTITY[sdk=iphoneos*]" = "iPhone Developer";
				COPY_PHASE_STRIP = NO;
				GCC_C_LANGUAGE_STANDARD = gnu99;
				GCC_DYNAMIC_NO_PIC = NO;
				GCC_OPTIMIZATION_LEVEL = 0;
				GCC_PREPROCESSOR_DEFINITIONS = (
					"DEBUG=1",
					"$(inherited)",
				);
				GCC_SYMBOLS_PRIVATE_EXTERN = NO;
				GCC_WARN_64_TO_32_BIT_CONVERSION = YES;
				GCC_WARN_ABOUT_RETURN_TYPE = YES_ERROR;
				GCC_WARN_UNDECLARED_SELECTOR = YES;
				GCC_WARN_UNINITIALIZED_AUTOS = YES_AGGRESSIVE;
				GCC_WARN_UNUSED_FUNCTION = YES;
				GCC_WARN_UNUSED_VARIABLE = YES;
				IPHONEOS_DEPLOYMENT_TARGET = 7.1;
				ONLY_ACTIVE_ARCH = YES;
				SDKROOT = iphoneos;
			};
			name = Debug;
		};
		947DF44A1CAF28CE008312C0 /* Release */ = {
			isa = XCBuildConfiguration;
			buildSettings = {
				ALWAYS_SEARCH_USER_PATHS = NO;
				CLANG_CXX_LANGUAGE_STANDARD = "gnu++0x";
				CLANG_CXX_LIBRARY = "libc++";
				CLANG_ENABLE_MODULES = YES;
				CLANG_ENABLE_OBJC_ARC = YES;
				CLANG_WARN_BOOL_CONVERSION = YES;
				CLANG_WARN_CONSTANT_CONVERSION = YES;
				CLANG_WARN_DIRECT_OBJC_ISA_USAGE = YES_ERROR;
				CLANG_WARN_EMPTY_BODY = YES;
				CLANG_WARN_ENUM_CONVERSION = YES;
				CLANG_WARN_INT_CONVERSION = YES;
				CLANG_WARN_OBJC_ROOT_CLASS = YES_ERROR;
				CLANG_WARN__DUPLICATE_METHOD_MATCH = YES;
				"CODE_SIGN_IDENTITY[sdk=iphoneos*]" = "iPhone Developer";
				COPY_PHASE_STRIP = YES;
				ENABLE_NS_ASSERTIONS = NO;
				GCC_C_LANGUAGE_STANDARD = gnu99;
				GCC_WARN_64_TO_32_BIT_CONVERSION = YES;
				GCC_WARN_ABOUT_RETURN_TYPE = YES_ERROR;
				GCC_WARN_UNDECLARED_SELECTOR = YES;
				GCC_WARN_UNINITIALIZED_AUTOS = YES_AGGRESSIVE;
				GCC_WARN_UNUSED_FUNCTION = YES;
				GCC_WARN_UNUSED_VARIABLE = YES;
				IPHONEOS_DEPLOYMENT_TARGET = 7.1;
				SDKROOT = iphoneos;
				VALIDATE_PRODUCT = YES;
			};
			name = Release;
		};
		947DF44C1CAF28CE008312C0 /* Debug */ = {
			isa = XCBuildConfiguration;
			buildSettings = {
				ASSETCATALOG_COMPILER_APPICON_NAME = AppIcon;
				ASSETCATALOG_COMPILER_LAUNCHIMAGE_NAME = LaunchImage;
				GCC_PRECOMPILE_PREFIX_HEADER = YES;
				GCC_PREFIX_HEADER = "ColorBoard/ColorBoard-Prefix.pch";
				INFOPLIST_FILE = "ColorBoard/ColorBoard-Info.plist";
				PRODUCT_NAME = "$(TARGET_NAME)";
				WRAPPER_EXTENSION = app;
			};
			name = Debug;
		};
		947DF44D1CAF28CE008312C0 /* Release */ = {
			isa = XCBuildConfiguration;
			buildSettings = {
				ASSETCATALOG_COMPILER_APPICON_NAME = AppIcon;
				ASSETCATALOG_COMPILER_LAUNCHIMAGE_NAME = LaunchImage;
				GCC_PRECOMPILE_PREFIX_HEADER = YES;
				GCC_PREFIX_HEADER = "ColorBoard/ColorBoard-Prefix.pch";
				INFOPLIST_FILE = "ColorBoard/ColorBoard-Info.plist";
				PRODUCT_NAME = "$(TARGET_NAME)";
				WRAPPER_EXTENSION = app;
			};
			name = Release;
		};
		947DF44F1CAF28CE008312C0 /* Debug */ = {
			isa = XCBuildConfiguration;
			buildSettings = {
				BUNDLE_LOADER = "$(BUILT_PRODUCTS_DIR)/ColorBoard.app/ColorBoard";
				FRAMEWORK_SEARCH_PATHS = (
					"$(SDKROOT)/Developer/Library/Frameworks",
					"$(inherited)",
					"$(DEVELOPER_FRAMEWORKS_DIR)",
				);
				GCC_PRECOMPILE_PREFIX_HEADER = YES;
				GCC_PREFIX_HEADER = "ColorBoard/ColorBoard-Prefix.pch";
				GCC_PREPROCESSOR_DEFINITIONS = (
					"DEBUG=1",
					"$(inherited)",
				);
				INFOPLIST_FILE = "ColorBoardTests/ColorBoardTests-Info.plist";
				PRODUCT_NAME = "$(TARGET_NAME)";
				TEST_HOST = "$(BUNDLE_LOADER)";
				WRAPPER_EXTENSION = xctest;
			};
			name = Debug;
		};
		947DF4501CAF28CE008312C0 /* Release */ = {
			isa = XCBuildConfiguration;
			buildSettings = {
				BUNDLE_LOADER = "$(BUILT_PRODUCTS_DIR)/ColorBoard.app/ColorBoard";
				FRAMEWORK_SEARCH_PATHS = (
					"$(SDKROOT)/Developer/Library/Frameworks",
					"$(inherited)",
					"$(DEVELOPER_FRAMEWORKS_DIR)",
				);
				GCC_PRECOMPILE_PREFIX_HEADER = YES;
				GCC_PREFIX_HEADER = "ColorBoard/ColorBoard-Prefix.pch";
				INFOPLIST_FILE = "ColorBoardTests/ColorBoardTests-Info.plist";
				PRODUCT_NAME = "$(TARGET_NAME)";
				TEST_HOST = "$(BUNDLE_LOADER)";
				WRAPPER_EXTENSION = xctest;
			};
			name = Release;
		};
/* End XCBuildConfiguration section */

/* Begin XCConfigurationList section */
		947DF41A1CAF28CD008312C0 /* Build configuration list for PBXProject "ColorBoard" */ = {
			isa = XCConfigurationList;
			buildConfigurations = (
				947DF4491CAF28CE008312C0 /* Debug */,
				947DF44A1CAF28CE008312C0 /* Release */,
			);
			defaultConfigurationIsVisible = 0;
			defaultConfigurationName = Release;
		};
		947DF44B1CAF28CE008312C0 /* Build configuration list for PBXNativeTarget "ColorBoard" */ = {
			isa = XCConfigurationList;
			buildConfigurations = (
				947DF44C1CAF28CE008312C0 /* Debug */,
				947DF44D1CAF28CE008312C0 /* Release */,
			);
			defaultConfigurationIsVisible = 0;
		};
		947DF44E1CAF28CE008312C0 /* Build configuration list for PBXNativeTarget "ColorBoardTests" */ = {
			isa = XCConfigurationList;
			buildConfigurations = (
				947DF44F1CAF28CE008312C0 /* Debug */,
				947DF4501CAF28CE008312C0 /* Release */,
			);
			defaultConfigurationIsVisible = 0;
		};
/* End XCConfigurationList section */
	};
	rootObject = 947DF4171CAF28CD008312C0 /* Project object */;
}
